
Microsoft Visual Studio Solution File, Format Version 12.00
# Visual Studio Version 17
VisualStudioVersion = 17.13.35919.96 d17.13
MinimumVisualStudioVersion = 10.0.40219.1
Project("{FAE04EC0-301F-11D3-BF4B-00C04F79EFBC}") = "WebserverCSharpXTLab", "WebserverCSharpXTLab.csproj", "{644350AE-BAB8-4466-B4C3-7D5DE4DBBBA6}"
EndProject
Global
	GlobalSection(SolutionConfigurationPlatforms) = preSolution
		Debug|Any CPU = Debug|Any CPU
		Release|Any CPU = Release|Any CPU
	EndGlobalSection
	GlobalSection(ProjectConfigurationPlatforms) = postSolution
		{644350AE-BAB8-4466-B4C3-7D5DE4DBBBA6}.Debug|Any CPU.ActiveCfg = Debug|Any CPU
		{644350AE-BAB8-4466-B4C3-7D5DE4DBBBA6}.Debug|Any CPU.Build.0 = Debug|Any CPU
		{644350AE-BAB8-4466-B4C3-7D5DE4DBBBA6}.Release|Any CPU.ActiveCfg = Release|Any CPU
		{644350AE-BAB8-4466-B4C3-7D5DE4DBBBA6}.Release|Any CPU.Build.0 = Release|Any CPU
	EndGlobalSection
	GlobalSection(SolutionProperties) = preSolution
		HideSolutionNode = FALSE
	EndGlobalSection
	GlobalSection(ExtensibilityGlobals) = postSolution
		SolutionGuid = {98267B32-A32F-4BDB-B55A-875764B2688B}
	EndGlobalSection
EndGlobal
